
Microsoft Visual Studio Solution File, Format Version 12.00
# Visual Studio Version 17
VisualStudioVersion = 17.8.34330.188
MinimumVisualStudioVersion = 10.0.40219.1
Project("{FAE04EC0-301F-11D3-BF4B-00C04F79EFBC}") = "DesafioRinhaBackend", "DesafioRinhaBackend\DesafioRinhaBackend.csproj", "{0E92137C-5B6E-4394-9B40-EBD194C94276}"
EndProject
Global
	GlobalSection(SolutionConfigurationPlatforms) = preSolution
		Debug|Any CPU = Debug|Any CPU
		Release|Any CPU = Release|Any CPU
	EndGlobalSection
	GlobalSection(ProjectConfigurationPlatforms) = postSolution
		{0E92137C-5B6E-4394-9B40-EBD194C94276}.Debug|Any CPU.ActiveCfg = Debug|Any CPU
		{0E92137C-5B6E-4394-9B40-EBD194C94276}.Debug|Any CPU.Build.0 = Debug|Any CPU
		{0E92137C-5B6E-4394-9B40-EBD194C94276}.Release|Any CPU.ActiveCfg = Release|Any CPU
		{0E92137C-5B6E-4394-9B40-EBD194C94276}.Release|Any CPU.Build.0 = Release|Any CPU
	EndGlobalSection
	GlobalSection(SolutionProperties) = preSolution
		HideSolutionNode = FALSE
	EndGlobalSection
	GlobalSection(ExtensibilityGlobals) = postSolution
		SolutionGuid = {0A973523-428E-455D-88DA-E5BC988893C7}
	EndGlobalSection
EndGlobal
